
Microsoft Visual Studio Solution File, Format Version 12.00
# Visual Studio Version 17
VisualStudioVersion = 17.5.33516.290
MinimumVisualStudioVersion = 10.0.40219.1
Project("{54A90642-561A-4BB1-A94E-469ADEE60C69}") = "angularapp", "angularapp\angularapp.esproj", "{04B976CC-C0F0-4978-8659-D29BFE71FBDA}"
EndProject
Project("{9A19103F-16F7-4668-BE54-9A1E7A4F7556}") = "webapi", "webapi\webapi.csproj", "{B827F2EA-63B5-4569-98CE-C80DFEE900FA}"
EndProject
Global
	GlobalSection(SolutionConfigurationPlatforms) = preSolution
		Debug|Any CPU = Debug|Any CPU
		Release|Any CPU = Release|Any CPU
	EndGlobalSection
	GlobalSection(ProjectConfigurationPlatforms) = postSolution
		{04B976CC-C0F0-4978-8659-D29BFE71FBDA}.Debug|Any CPU.ActiveCfg = Debug|Any CPU
		{04B976CC-C0F0-4978-8659-D29BFE71FBDA}.Debug|Any CPU.Build.0 = Debug|Any CPU
		{04B976CC-C0F0-4978-8659-D29BFE71FBDA}.Debug|Any CPU.Deploy.0 = Debug|Any CPU
		{04B976CC-C0F0-4978-8659-D29BFE71FBDA}.Release|Any CPU.ActiveCfg = Release|Any CPU
		{04B976CC-C0F0-4978-8659-D29BFE71FBDA}.Release|Any CPU.Build.0 = Release|Any CPU
		{04B976CC-C0F0-4978-8659-D29BFE71FBDA}.Release|Any CPU.Deploy.0 = Release|Any CPU
		{B827F2EA-63B5-4569-98CE-C80DFEE900FA}.Debug|Any CPU.ActiveCfg = Debug|Any CPU
		{B827F2EA-63B5-4569-98CE-C80DFEE900FA}.Debug|Any CPU.Build.0 = Debug|Any CPU
		{B827F2EA-63B5-4569-98CE-C80DFEE900FA}.Release|Any CPU.ActiveCfg = Release|Any CPU
		{B827F2EA-63B5-4569-98CE-C80DFEE900FA}.Release|Any CPU.Build.0 = Release|Any CPU
	EndGlobalSection
	GlobalSection(SolutionProperties) = preSolution
		HideSolutionNode = FALSE
	EndGlobalSection
	GlobalSection(ExtensibilityGlobals) = postSolution
		SolutionGuid = {A293D8B0-C732-44C6-AF8A-68D8685A4BD5}
	EndGlobalSection
EndGlobal
